
Microsoft Visual Studio Solution File, Format Version 12.00
# Visual Studio Version 16
VisualStudioVersion = 16.0.31702.278
MinimumVisualStudioVersion = 10.0.40219.1
Project("{FAE04EC0-301F-11D3-BF4B-00C04F79EFBC}") = "ParticlesAndPhonons", "ParticlesAndPhonons.csproj", "{D7DA919C-A322-4FDA-8448-30D301516937}"
EndProject
Project("{2150E333-8FDC-42A3-9474-1A3956D46DE8}") = "Solution Items", "Solution Items", "{4B490D27-27B9-4ADC-A7A8-BB8417ED246B}"
EndProject
Project("{FAE04EC0-301F-11D3-BF4B-00C04F79EFBC}") = "UnitTestParticlesAndPhonons", "..\UnitTestParticlesAndPhonons\UnitTestParticlesAndPhonons.csproj", "{ADED6A3F-1D7A-402A-BADE-270511C8D035}"
EndProject
Global
	GlobalSection(SolutionConfigurationPlatforms) = preSolution
		Debug|Any CPU = Debug|Any CPU
		Release|Any CPU = Release|Any CPU
	EndGlobalSection
	GlobalSection(ProjectConfigurationPlatforms) = postSolution
		{D7DA919C-A322-4FDA-8448-30D301516937}.Debug|Any CPU.ActiveCfg = Debug|Any CPU
		{D7DA919C-A322-4FDA-8448-30D301516937}.Debug|Any CPU.Build.0 = Debug|Any CPU
		{D7DA919C-A322-4FDA-8448-30D301516937}.Release|Any CPU.ActiveCfg = Release|Any CPU
		{D7DA919C-A322-4FDA-8448-30D301516937}.Release|Any CPU.Build.0 = Release|Any CPU
		{ADED6A3F-1D7A-402A-BADE-270511C8D035}.Debug|Any CPU.ActiveCfg = Debug|Any CPU
		{ADED6A3F-1D7A-402A-BADE-270511C8D035}.Debug|Any CPU.Build.0 = Debug|Any CPU
		{ADED6A3F-1D7A-402A-BADE-270511C8D035}.Release|Any CPU.ActiveCfg = Release|Any CPU
		{ADED6A3F-1D7A-402A-BADE-270511C8D035}.Release|Any CPU.Build.0 = Release|Any CPU
	EndGlobalSection
	GlobalSection(SolutionProperties) = preSolution
		HideSolutionNode = FALSE
	EndGlobalSection
	GlobalSection(ExtensibilityGlobals) = postSolution
		SolutionGuid = {9CFCFDCA-66FB-4E5C-8A60-65F65963AA9B}
	EndGlobalSection
EndGlobal
